
Microsoft Visual Studio Solution File, Format Version 12.00
# Visual Studio Version 17
VisualStudioVersion = 17.2.32526.322
MinimumVisualStudioVersion = 10.0.40219.1
Project("{9A19103F-16F7-4668-BE54-9A1E7A4F7556}") = "MealOrder.Server", "MealOrder\Server\MealOrder.Server.csproj", "{E650C7DE-2093-4011-9121-C2B237206C03}"
EndProject
Project("{9A19103F-16F7-4668-BE54-9A1E7A4F7556}") = "MealOrder.Client", "MealOrder\Client\MealOrder.Client.csproj", "{BB2902A4-CF84-4FD8-8E29-853C0034AF5C}"
EndProject
Project("{9A19103F-16F7-4668-BE54-9A1E7A4F7556}") = "MealOrder.Shared", "MealOrder\Shared\MealOrder.Shared.csproj", "{EAD83697-21F7-432E-A3DB-FC415704D09E}"
EndProject
Project("{FAE04EC0-301F-11D3-BF4B-00C04F79EFBC}") = "MealOrder.Server.Data", "MealOrder.Server.Data\MealOrder.Server.Data.csproj", "{B66FDA57-7879-4775-B918-D67DB975B8E3}"
EndProject
Global
	GlobalSection(SolutionConfigurationPlatforms) = preSolution
		Debug|Any CPU = Debug|Any CPU
		Release|Any CPU = Release|Any CPU
	EndGlobalSection
	GlobalSection(ProjectConfigurationPlatforms) = postSolution
		{E650C7DE-2093-4011-9121-C2B237206C03}.Debug|Any CPU.ActiveCfg = Debug|Any CPU
		{E650C7DE-2093-4011-9121-C2B237206C03}.Debug|Any CPU.Build.0 = Debug|Any CPU
		{E650C7DE-2093-4011-9121-C2B237206C03}.Release|Any CPU.ActiveCfg = Release|Any CPU
		{E650C7DE-2093-4011-9121-C2B237206C03}.Release|Any CPU.Build.0 = Release|Any CPU
		{BB2902A4-CF84-4FD8-8E29-853C0034AF5C}.Debug|Any CPU.ActiveCfg = Debug|Any CPU
		{BB2902A4-CF84-4FD8-8E29-853C0034AF5C}.Debug|Any CPU.Build.0 = Debug|Any CPU
		{BB2902A4-CF84-4FD8-8E29-853C0034AF5C}.Release|Any CPU.ActiveCfg = Release|Any CPU
		{BB2902A4-CF84-4FD8-8E29-853C0034AF5C}.Release|Any CPU.Build.0 = Release|Any CPU
		{EAD83697-21F7-432E-A3DB-FC415704D09E}.Debug|Any CPU.ActiveCfg = Debug|Any CPU
		{EAD83697-21F7-432E-A3DB-FC415704D09E}.Debug|Any CPU.Build.0 = Debug|Any CPU
		{EAD83697-21F7-432E-A3DB-FC415704D09E}.Release|Any CPU.ActiveCfg = Release|Any CPU
		{EAD83697-21F7-432E-A3DB-FC415704D09E}.Release|Any CPU.Build.0 = Release|Any CPU
		{B66FDA57-7879-4775-B918-D67DB975B8E3}.Debug|Any CPU.ActiveCfg = Debug|Any CPU
		{B66FDA57-7879-4775-B918-D67DB975B8E3}.Debug|Any CPU.Build.0 = Debug|Any CPU
		{B66FDA57-7879-4775-B918-D67DB975B8E3}.Release|Any CPU.ActiveCfg = Release|Any CPU
		{B66FDA57-7879-4775-B918-D67DB975B8E3}.Release|Any CPU.Build.0 = Release|Any CPU
	EndGlobalSection
	GlobalSection(SolutionProperties) = preSolution
		HideSolutionNode = FALSE
	EndGlobalSection
	GlobalSection(ExtensibilityGlobals) = postSolution
		SolutionGuid = {1F17CC5A-7E16-495F-B350-0A3EE5EB6CE2}
	EndGlobalSection
EndGlobal
